// !$*UTF8*$!
{
	archiveVersion = 1;
	classes = {
	};
	objectVersion = 46;
	objects = {

/* Begin PBXBuildFile section */
		D80A78F11F31FB5B00D55DF0 /* main.cpp in Sources */ = {isa = PBXBuildFile; fileRef = D80A78F01F31FB5B00D55DF0 /* main.cpp */; };
/* End PBXBuildFile section */

/* Begin PBXCopyFilesBuildPhase section */
		D80A78EB1F31FB5B00D55DF0 /* CopyFiles */ = {
			isa = PBXCopyFilesBuildPhase;
			buildActionMask = 2147483647;
			dstPath = /usr/share/man/man1/;
			dstSubfolderSpec = 0;
			files = (
			);
			runOnlyForDeploymentPostprocessing = 1;
		};
/* End PBXCopyFilesBuildPhase section */

/* Begin PBXFileReference section */
		D80A78ED1F31FB5B00D55DF0 /* opencvpjt_img */ = {isa = PBXFileReference; explicitFileType = "compiled.mach-o.executable"; includeInIndex = 0; path = opencvpjt_img; sourceTree = BUILT_PRODUCTS_DIR; };
		D80A78F01F31FB5B00D55DF0 /* main.cpp */ = {isa = PBXFileReference; lastKnownFileType = sourcecode.cpp.cpp; path = main.cpp; sourceTree = "<group>"; };
		D883C27A1F31FE39007C0FF8 /* what.jpg */ = {isa = PBXFileReference; lastKnownFileType = image.jpeg; path = what.jpg; sourceTree = "<group>"; };
/* End PBXFileReference section */

/* Begin PBXFrameworksBuildPhase section */
		D80A78EA1F31FB5B00D55DF0 /* Frameworks */ = {
			isa = PBXFrameworksBuildPhase;
			buildActionMask = 2147483647;
			files = (
			);
			runOnlyForDeploymentPostprocessing = 0;
		};
/* End PBXFrameworksBuildPhase section */

/* Begin PBXGroup section */
		D80A78E41F31FB5B00D55DF0 = {
			isa = PBXGroup;
			children = (
				D80A78EF1F31FB5B00D55DF0 /* opencvpjt_img */,
				D80A78EE1F31FB5B00D55DF0 /* Products */,
			);
			sourceTree = "<group>";
		};
		D80A78EE1F31FB5B00D55DF0 /* Products */ = {
			isa = PBXGroup;
			children = (
				D80A78ED1F31FB5B00D55DF0 /* opencvpjt_img */,
			);
			name = Products;
			sourceTree = "<group>";
		};
		D80A78EF1F31FB5B00D55DF0 /* opencvpjt_img */ = {
			isa = PBXGroup;
			children = (
				D883C27A1F31FE39007C0FF8 /* what.jpg */,
				D80A78F01F31FB5B00D55DF0 /* main.cpp */,
			);
			path = opencvpjt_img;
			sourceTree = "<group>";
		};
/* End PBXGroup section */

/* Begin PBXNativeTarget section */
		D80A78EC1F31FB5B00D55DF0 /* opencvpjt_img */ = {
			isa = PBXNativeTarget;
			buildConfigurationList = D80A78F41F31FB5B00D55DF0 /* Build configuration list for PBXNativeTarget "opencvpjt_img" */;
			buildPhases = (
				D80A78E91F31FB5B00D55DF0 /* Sources */,
				D80A78EA1F31FB5B00D55DF0 /* Frameworks */,
				D80A78EB1F31FB5B00D55DF0 /* CopyFiles */,
			);
			buildRules = (
			);
			dependencies = (
			);
			name = opencvpjt_img;
			productName = opencvpjt_img;
			productReference = D80A78ED1F31FB5B00D55DF0 /* opencvpjt_img */;
			productType = "com.apple.product-type.tool";
		};
/* End PBXNativeTarget section */

/* Begin PBXProject section */
		D80A78E51F31FB5B00D55DF0 /* Project object */ = {
			isa = PBXProject;
			attributes = {
				LastUpgradeCheck = 0830;
				ORGANIZATIONNAME = "Calvin Lee ";
				TargetAttributes = {
					D80A78EC1F31FB5B00D55DF0 = {
						CreatedOnToolsVersion = 8.3.3;
						ProvisioningStyle = Automatic;
					};
				};
			};
			buildConfigurationList = D80A78E81F31FB5B00D55DF0 /* Build configuration list for PBXProject "opencvpjt_img" */;
			compatibilityVersion = "Xcode 3.2";
			developmentRegion = English;
			hasScannedForEncodings = 0;
			knownRegions = (
				en,
			);
			mainGroup = D80A78E41F31FB5B00D55DF0;
			productRefGroup = D80A78EE1F31FB5B00D55DF0 /* Products */;
			projectDirPath = "";
			projectRoot = "";
			targets = (
				D80A78EC1F31FB5B00D55DF0 /* opencvpjt_img */,
			);
		};
/* End PBXProject section */

/* Begin PBXSourcesBuildPhase section */
		D80A78E91F31FB5B00D55DF0 /* Sources */ = {
			isa = PBXSourcesBuildPhase;
			buildActionMask = 2147483647;
			files = (
				D80A78F11F31FB5B00D55DF0 /* main.cpp in Sources */,
			);
			runOnlyForDeploymentPostprocessing = 0;
		};
/* End PBXSourcesBuildPhase section */

/* Begin XCBuildConfiguration section */
		D80A78F21F31FB5B00D55DF0 /* Debug */ = {
			isa = XCBuildConfiguration;
			buildSettings = {
				ALWAYS_SEARCH_USER_PATHS = NO;
				CLANG_ANALYZER_NONNULL = YES;
				CLANG_ANALYZER_NUMBER_OBJECT_CONVERSION = YES_AGGRESSIVE;
				CLANG_CXX_LANGUAGE_STANDARD = "gnu++0x";
				CLANG_CXX_LIBRARY = "libc++";
				CLANG_ENABLE_MODULES = YES;
				CLANG_ENABLE_OBJC_ARC = YES;
				CLANG_WARN_BOOL_CONVERSION = YES;
				CLANG_WARN_CONSTANT_CONVERSION = YES;
				CLANG_WARN_DIRECT_OBJC_ISA_USAGE = YES_ERROR;
				CLANG_WARN_DOCUMENTATION_COMMENTS = YES;
				CLANG_WARN_EMPTY_BODY = YES;
				CLANG_WARN_ENUM_CONVERSION = YES;
				CLANG_WARN_INFINITE_RECURSION = YES;
				CLANG_WARN_INT_CONVERSION = YES;
				CLANG_WARN_OBJC_ROOT_CLASS = YES_ERROR;
				CLANG_WARN_SUSPICIOUS_MOVE = YES;
				CLANG_WARN_UNREACHABLE_CODE = YES;
				CLANG_WARN__DUPLICATE_METHOD_MATCH = YES;
				CODE_SIGN_IDENTITY = "-";
				COPY_PHASE_STRIP = NO;
				DEBUG_INFORMATION_FORMAT = dwarf;
				ENABLE_STRICT_OBJC_MSGSEND = YES;
				ENABLE_TESTABILITY = YES;
				GCC_C_LANGUAGE_STANDARD = gnu99;
				GCC_DYNAMIC_NO_PIC = NO;
				GCC_NO_COMMON_BLOCKS = YES;
				GCC_OPTIMIZATION_LEVEL = 0;
				GCC_PREPROCESSOR_DEFINITIONS = (
					"DEBUG=1",
					"$(inherited)",
				);
				GCC_WARN_64_TO_32_BIT_CONVERSION = YES;
				GCC_WARN_ABOUT_RETURN_TYPE = YES_ERROR;
				GCC_WARN_UNDECLARED_SELECTOR = YES;
				GCC_WARN_UNINITIALIZED_AUTOS = YES_AGGRESSIVE;
				GCC_WARN_UNUSED_FUNCTION = YES;
				GCC_WARN_UNUSED_VARIABLE = YES;
				MACOSX_DEPLOYMENT_TARGET = 10.12;
				MTL_ENABLE_DEBUG_INFO = YES;
				ONLY_ACTIVE_ARCH = YES;
				SDKROOT = macosx;
			};
			name = Debug;
		};
		D80A78F31F31FB5B00D55DF0 /* Release */ = {
			isa = XCBuildConfiguration;
			buildSettings = {
				ALWAYS_SEARCH_USER_PATHS = NO;
				CLANG_ANALYZER_NONNULL = YES;
				CLANG_ANALYZER_NUMBER_OBJECT_CONVERSION = YES_AGGRESSIVE;
				CLANG_CXX_LANGUAGE_STANDARD = "gnu++0x";
				CLANG_CXX_LIBRARY = "libc++";
				CLANG_ENABLE_MODULES = YES;
				CLANG_ENABLE_OBJC_ARC = YES;
				CLANG_WARN_BOOL_CONVERSION = YES;
				CLANG_WARN_CONSTANT_CONVERSION = YES;
				CLANG_WARN_DIRECT_OBJC_ISA_USAGE = YES_ERROR;
				CLANG_WARN_DOCUMENTATION_COMMENTS = YES;
				CLANG_WARN_EMPTY_BODY = YES;
				CLANG_WARN_ENUM_CONVERSION = YES;
				CLANG_WARN_INFINITE_RECURSION = YES;
				CLANG_WARN_INT_CONVERSION = YES;
				CLANG_WARN_OBJC_ROOT_CLASS = YES_ERROR;
				CLANG_WARN_SUSPICIOUS_MOVE = YES;
				CLANG_WARN_UNREACHABLE_CODE = YES;
				CLANG_WARN__DUPLICATE_METHOD_MATCH = YES;
				CODE_SIGN_IDENTITY = "-";
				COPY_PHASE_STRIP = NO;
				DEBUG_INFORMATION_FORMAT = "dwarf-with-dsym";
				ENABLE_NS_ASSERTIONS = NO;
				ENABLE_STRICT_OBJC_MSGSEND = YES;
				GCC_C_LANGUAGE_STANDARD = gnu99;
				GCC_NO_COMMON_BLOCKS = YES;
				GCC_WARN_64_TO_32_BIT_CONVERSION = YES;
				GCC_WARN_ABOUT_RETURN_TYPE = YES_ERROR;
				GCC_WARN_UNDECLARED_SELECTOR = YES;
				GCC_WARN_UNINITIALIZED_AUTOS = YES_AGGRESSIVE;
				GCC_WARN_UNUSED_FUNCTION = YES;
				GCC_WARN_UNUSED_VARIABLE = YES;
				MACOSX_DEPLOYMENT_TARGET = 10.12;
				MTL_ENABLE_DEBUG_INFO = NO;
				SDKROOT = macosx;
			};
			name = Release;
		};
		D80A78F51F31FB5B00D55DF0 /* Debug */ = {
			isa = XCBuildConfiguration;
			buildSettings = {
				CLANG_WARN_DOCUMENTATION_COMMENTS = NO;
				HEADER_SEARCH_PATHS = "/usr/local/Cellar/opencv/**";
				LIBRARY_SEARCH_PATHS = "/usr/local/Cellar/opencv/**";
				OTHER_LDFLAGS = (
					"-lopencv_calib3d",
					"-lopencv_contrib",
					"-lopencv_core",
					"-lopencv_features2d",
					"-lopencv_flann",
					"-lopencv_gpu",
					"-lopencv_highgui",
					"-lopencv_imgproc",
					"-lopencv_legacy",
					"-lopencv_ml",
					"-lopencv_nonfree",
					"-lopencv_objdetect",
					"-lopencv_ocl",
					"-lopencv_photo",
					"-lopencv_stitching",
					"-lopencv_superres",
					"-lopencv_ts",
					"-lopencv_video",
					"-lopencv_videostab",
				);
				PRODUCT_NAME = "$(TARGET_NAME)";
			};
			name = Debug;
		};
		D80A78F61F31FB5B00D55DF0 /* Release */ = {
			isa = XCBuildConfiguration;
			buildSettings = {
				CLANG_WARN_DOCUMENTATION_COMMENTS = NO;
				HEADER_SEARCH_PATHS = "/usr/local/Cellar/opencv/**";
				LIBRARY_SEARCH_PATHS = "/usr/local/Cellar/opencv/**";
				OTHER_LDFLAGS = (
					"-lopencv_calib3d",
					"-lopencv_contrib",
					"-lopencv_core",
					"-lopencv_features2d",
					"-lopencv_flann",
					"-lopencv_gpu",
					"-lopencv_highgui",
					"-lopencv_imgproc",
					"-lopencv_legacy",
					"-lopencv_ml",
					"-lopencv_nonfree",
					"-lopencv_objdetect",
					"-lopencv_ocl",
					"-lopencv_photo",
					"-lopencv_stitching",
					"-lopencv_superres",
					"-lopencv_ts",
					"-lopencv_video",
					"-lopencv_videostab",
				);
				PRODUCT_NAME = "$(TARGET_NAME)";
			};
			name = Release;
		};
/* End XCBuildConfiguration section */

/* Begin XCConfigurationList section */
		D80A78E81F31FB5B00D55DF0 /* Build configuration list for PBXProject "opencvpjt_img" */ = {
			isa = XCConfigurationList;
			buildConfigurations = (
				D80A78F21F31FB5B00D55DF0 /* Debug */,
				D80A78F31F31FB5B00D55DF0 /* Release */,
			);
			defaultConfigurationIsVisible = 0;
			defaultConfigurationName = Release;
		};
		D80A78F41F31FB5B00D55DF0 /* Build configuration list for PBXNativeTarget "opencvpjt_img" */ = {
			isa = XCConfigurationList;
			buildConfigurations = (
				D80A78F51F31FB5B00D55DF0 /* Debug */,
				D80A78F61F31FB5B00D55DF0 /* Release */,
			);
			defaultConfigurationIsVisible = 0;
			defaultConfigurationName = Release;
		};
/* End XCConfigurationList section */
	};
	rootObject = D80A78E51F31FB5B00D55DF0 /* Project object */;
}
